
Microsoft Visual Studio Solution File, Format Version 12.00
# Visual Studio Version 16
VisualStudioVersion = 16.0.29519.181
MinimumVisualStudioVersion = 10.0.40219.1
Project("{FAE04EC0-301F-11D3-BF4B-00C04F79EFBC}") = "Aplicacion.Web", "Aplicacion.Web\Aplicacion.Web.csproj", "{7247D397-CF5D-4606-9F95-87063A4BDE1C}"
EndProject
Project("{FAE04EC0-301F-11D3-BF4B-00C04F79EFBC}") = "Aplicacion.Datos", "Aplicacion.Datos\Aplicacion.Datos.csproj", "{20F8001E-4EE4-4CF8-BD63-052714DC3583}"
EndProject
Project("{FAE04EC0-301F-11D3-BF4B-00C04F79EFBC}") = "Aplicacion.Entidades", "Aplicacion.Entidades\Aplicacion.Entidades.csproj", "{5E3CDB4E-CD0D-4430-A94E-1335C620335D}"
EndProject
Global
	GlobalSection(SolutionConfigurationPlatforms) = preSolution
		Debug|Any CPU = Debug|Any CPU
		Release|Any CPU = Release|Any CPU
	EndGlobalSection
	GlobalSection(ProjectConfigurationPlatforms) = postSolution
		{7247D397-CF5D-4606-9F95-87063A4BDE1C}.Debug|Any CPU.ActiveCfg = Debug|Any CPU
		{7247D397-CF5D-4606-9F95-87063A4BDE1C}.Debug|Any CPU.Build.0 = Debug|Any CPU
		{7247D397-CF5D-4606-9F95-87063A4BDE1C}.Release|Any CPU.ActiveCfg = Release|Any CPU
		{7247D397-CF5D-4606-9F95-87063A4BDE1C}.Release|Any CPU.Build.0 = Release|Any CPU
		{20F8001E-4EE4-4CF8-BD63-052714DC3583}.Debug|Any CPU.ActiveCfg = Debug|Any CPU
		{20F8001E-4EE4-4CF8-BD63-052714DC3583}.Debug|Any CPU.Build.0 = Debug|Any CPU
		{20F8001E-4EE4-4CF8-BD63-052714DC3583}.Release|Any CPU.ActiveCfg = Release|Any CPU
		{20F8001E-4EE4-4CF8-BD63-052714DC3583}.Release|Any CPU.Build.0 = Release|Any CPU
		{5E3CDB4E-CD0D-4430-A94E-1335C620335D}.Debug|Any CPU.ActiveCfg = Debug|Any CPU
		{5E3CDB4E-CD0D-4430-A94E-1335C620335D}.Debug|Any CPU.Build.0 = Debug|Any CPU
		{5E3CDB4E-CD0D-4430-A94E-1335C620335D}.Release|Any CPU.ActiveCfg = Release|Any CPU
		{5E3CDB4E-CD0D-4430-A94E-1335C620335D}.Release|Any CPU.Build.0 = Release|Any CPU
	EndGlobalSection
	GlobalSection(SolutionProperties) = preSolution
		HideSolutionNode = FALSE
	EndGlobalSection
	GlobalSection(ExtensibilityGlobals) = postSolution
		SolutionGuid = {A20206E1-C807-49B3-B7F5-3405ED3FA5CB}
	EndGlobalSection
EndGlobal
